
Microsoft Visual Studio Solution File, Format Version 12.00
# Visual Studio Version 17
VisualStudioVersion = 17.6.33815.320
MinimumVisualStudioVersion = 10.0.40219.1
Project("{9A19103F-16F7-4668-BE54-9A1E7A4F7556}") = "FileShare", "FileShare\FileShare.csproj", "{C4513402-DBA0-4BB8-AD7C-558CFC36074C}"
EndProject
Project("{E53339B2-1760-4266-BCC7-CA923CBCF16C}") = "docker-compose", "docker-compose.dcproj", "{28978530-C1AC-4FB2-84F2-CC891513E7DF}"
EndProject
Global
	GlobalSection(SolutionConfigurationPlatforms) = preSolution
		Debug|Any CPU = Debug|Any CPU
		Release|Any CPU = Release|Any CPU
	EndGlobalSection
	GlobalSection(ProjectConfigurationPlatforms) = postSolution
		{C4513402-DBA0-4BB8-AD7C-558CFC36074C}.Debug|Any CPU.ActiveCfg = Debug|Any CPU
		{C4513402-DBA0-4BB8-AD7C-558CFC36074C}.Debug|Any CPU.Build.0 = Debug|Any CPU
		{C4513402-DBA0-4BB8-AD7C-558CFC36074C}.Release|Any CPU.ActiveCfg = Release|Any CPU
		{C4513402-DBA0-4BB8-AD7C-558CFC36074C}.Release|Any CPU.Build.0 = Release|Any CPU
		{28978530-C1AC-4FB2-84F2-CC891513E7DF}.Debug|Any CPU.ActiveCfg = Debug|Any CPU
		{28978530-C1AC-4FB2-84F2-CC891513E7DF}.Debug|Any CPU.Build.0 = Debug|Any CPU
		{28978530-C1AC-4FB2-84F2-CC891513E7DF}.Release|Any CPU.ActiveCfg = Release|Any CPU
		{28978530-C1AC-4FB2-84F2-CC891513E7DF}.Release|Any CPU.Build.0 = Release|Any CPU
	EndGlobalSection
	GlobalSection(SolutionProperties) = preSolution
		HideSolutionNode = FALSE
	EndGlobalSection
	GlobalSection(ExtensibilityGlobals) = postSolution
		SolutionGuid = {C6377D3D-950F-4388-9C05-BF1ED46F1F61}
	EndGlobalSection
EndGlobal
